{
  "object": {
    "pins": [
      {
        "package": "AudioKit",
        "repositoryURL": "https://github.com/AudioKit/AudioKit",
        "state": {
          "branch": "develop",
          "revision": "884c17eccdc4de9c2c5f37c9409c089fcde356bc",
          "version": null
        }
      },
      {
        "package": "KissFFT",
        "repositoryURL": "https://github.com/AudioKit/KissFFT",
        "state": {
          "branch": "main",
          "revision": "dd0636e151724b8ba2e0908eba4d99a6ff24d00c",
          "version": null
        }
      }
    ]
  },
  "version": 1
}
