{
  "object": {
    "pins": [
      {
        "package": "AudioKit",
        "repositoryURL": "https://github.com/AudioKit/AudioKit",
        "state": {
          "branch": "develop",
          "revision": "52726b7a5071e8940bf4f614c55d4e58c0b2fba1",
          "version": null
        }
      },
      {
        "package": "KissFFT",
        "repositoryURL": "https://github.com/AudioKit/KissFFT",
        "state": {
          "branch": "main",
          "revision": "dd0636e151724b8ba2e0908eba4d99a6ff24d00c",
          "version": null
        }
      }
    ]
  },
  "version": 1
}
